PODS:
  - Nimble (9.0.0)
  - RxBlocking (6.1.0):
    - RxSwift (= 6.1.0)
  - RxCocoa (6.1.0):
    - RxRelay (= 6.1.0)
    - RxSwift (= 6.1.0)
  - RxFlow (2.12.0):
    - RxCocoa (>= 6.0.0)
    - RxSwift (>= 6.0.0)
  - RxNimble/Core (5.1.0):
    - Nimble (~> 9.0)
    - RxSwift (~> 6.0)
  - RxNimble/RxBlocking (5.1.0):
    - RxBlocking
    - RxNimble/Core
  - RxNimble/RxTest (5.1.0):
    - RxNimble/Core
    - RxTest
  - RxRelay (6.1.0):
    - RxSwift (= 6.1.0)
  - RxSwift (6.1.0)
  - RxTest (6.1.0):
    - RxSwift (= 6.1.0)

DEPENDENCIES:
  - RxCocoa
  - RxFlow
  - RxNimble/RxBlocking
  - RxNimble/RxTest
  - RxSwift

SPEC REPOS:
  trunk:
    - Nimble
    - RxBlocking
    - RxCocoa
    - RxFlow
    - RxNimble
    - RxRelay
    - RxSwift
    - RxTest

SPEC CHECKSUMS:
  Nimble: 3b4ec3fd40f1dc178058e0981107721c615643d8
  RxBlocking: 602095fba0bce7b16b56ccec89edf780c248b7d9
  RxCocoa: 5c51f02d562cbd94629f6c26cf0c80fe4ab8d343
  RxFlow: b407eb6b5d956041a9e0930469346e104911a470
  RxNimble: 620df279d9e3b2c1dbbc76c6c875a0d8b107de49
  RxRelay: 483e1a19fad961b41f0b0c0bee506f46c1ae14fe
  RxSwift: a834e5c538e89eca0cae86f403f4fbf0336786ce
  RxTest: 9d26616eaff4a7e75f4ecae9b2c24840f2e8218d

PODFILE CHECKSUM: c47790f1da49111fd2e3f4acb5069eef1e7c2363

COCOAPODS: 1.10.1
