// !$*UTF8*$!
{
	archiveVersion = 1;
	classes = {
	};
	objectVersion = 52;
	objects = {

/* Begin PBXBuildFile section */
		40394B12262002FC0059DFB4 /* ActivityIndicator.swift in Sources */ = {isa = PBXBuildFile; fileRef = 40394B11262002FC0059DFB4 /* ActivityIndicator.swift */; };
		404A6EA4261EC718000E7703 /* AppDelegate.swift in Sources */ = {isa = PBXBuildFile; fileRef = 404A6EA3261EC718000E7703 /* AppDelegate.swift */; };
		404A6EA6261EC718000E7703 /* SceneDelegate.swift in Sources */ = {isa = PBXBuildFile; fileRef = 404A6EA5261EC718000E7703 /* SceneDelegate.swift */; };
		404A6EA8261EC718000E7703 /* MainVC.swift in Sources */ = {isa = PBXBuildFile; fileRef = 404A6EA7261EC718000E7703 /* MainVC.swift */; };
		404A6EAD261EC71A000E7703 /* Assets.xcassets in Resources */ = {isa = PBXBuildFile; fileRef = 404A6EAC261EC71A000E7703 /* Assets.xcassets */; };
		404A6EB0261EC71A000E7703 /* LaunchScreen.storyboard in Resources */ = {isa = PBXBuildFile; fileRef = 404A6EAE261EC71A000E7703 /* LaunchScreen.storyboard */; };
		404A6EBD261EC883000E7703 /* RxFlow in Frameworks */ = {isa = PBXBuildFile; productRef = 404A6EBC261EC883000E7703 /* RxFlow */; };
		404A6F18261ED9E0000E7703 /* SampleStep.swift in Sources */ = {isa = PBXBuildFile; fileRef = 404A6F17261ED9E0000E7703 /* SampleStep.swift */; };
		404A6F1C261EDBB5000E7703 /* AppFlow.swift in Sources */ = {isa = PBXBuildFile; fileRef = 404A6F1B261EDBB5000E7703 /* AppFlow.swift */; };
		404A6F1F261EDD29000E7703 /* LogInFlow.swift in Sources */ = {isa = PBXBuildFile; fileRef = 404A6F1E261EDD29000E7703 /* LogInFlow.swift */; };
		404A6F23261EDD8B000E7703 /* ServiceProvider.swift in Sources */ = {isa = PBXBuildFile; fileRef = 404A6F22261EDD8B000E7703 /* ServiceProvider.swift */; };
		404A6F28261EDDF0000E7703 /* userService.swift in Sources */ = {isa = PBXBuildFile; fileRef = 404A6F27261EDDF0000E7703 /* userService.swift */; };
		404A6F2C261EDF4B000E7703 /* LoginVC.swift in Sources */ = {isa = PBXBuildFile; fileRef = 404A6F2B261EDF4B000E7703 /* LoginVC.swift */; };
		404A6F30261EDF56000E7703 /* LoginVM.swift in Sources */ = {isa = PBXBuildFile; fileRef = 404A6F2F261EDF56000E7703 /* LoginVM.swift */; };
		404A6F3B261EE022000E7703 /* MainVM.swift in Sources */ = {isa = PBXBuildFile; fileRef = 404A6F3A261EE022000E7703 /* MainVM.swift */; };
		404A6F3F261EE0A3000E7703 /* ViewModelType.swift in Sources */ = {isa = PBXBuildFile; fileRef = 404A6F3E261EE0A3000E7703 /* ViewModelType.swift */; };
		404A6F42261EE340000E7703 /* HomeFlow.swift in Sources */ = {isa = PBXBuildFile; fileRef = 404A6F41261EE340000E7703 /* HomeFlow.swift */; };
		404A6F47261EE679000E7703 /* AppStepper.swift in Sources */ = {isa = PBXBuildFile; fileRef = 404A6F46261EE679000E7703 /* AppStepper.swift */; };
/* End PBXBuildFile section */

/* Begin PBXFileReference section */
		40394B11262002FC0059DFB4 /* ActivityIndicator.swift */ = {isa = PBXFileReference; lastKnownFileType = sourcecode.swift; path = ActivityIndicator.swift; sourceTree = "<group>"; };
		404A6EA0261EC718000E7703 /* Practice_RxFlow.app */ = {isa = PBXFileReference; explicitFileType = wrapper.application; includeInIndex = 0; path = Practice_RxFlow.app; sourceTree = BUILT_PRODUCTS_DIR; };
		404A6EA3261EC718000E7703 /* AppDelegate.swift */ = {isa = PBXFileReference; lastKnownFileType = sourcecode.swift; path = AppDelegate.swift; sourceTree = "<group>"; };
		404A6EA5261EC718000E7703 /* SceneDelegate.swift */ = {isa = PBXFileReference; lastKnownFileType = sourcecode.swift; path = SceneDelegate.swift; sourceTree = "<group>"; };
		404A6EA7261EC718000E7703 /* MainVC.swift */ = {isa = PBXFileReference; lastKnownFileType = sourcecode.swift; path = MainVC.swift; sourceTree = "<group>"; };
		404A6EAC261EC71A000E7703 /* Assets.xcassets */ = {isa = PBXFileReference; lastKnownFileType = folder.assetcatalog; path = Assets.xcassets; sourceTree = "<group>"; };
		404A6EAF261EC71A000E7703 /* Base */ = {isa = PBXFileReference; lastKnownFileType = file.storyboard; name = Base; path = Base.lproj/LaunchScreen.storyboard; sourceTree = "<group>"; };
		404A6EB1261EC71A000E7703 /* Info.plist */ = {isa = PBXFileReference; lastKnownFileType = text.plist.xml; path = Info.plist; sourceTree = "<group>"; };
		404A6F17261ED9E0000E7703 /* SampleStep.swift */ = {isa = PBXFileReference; lastKnownFileType = sourcecode.swift; path = SampleStep.swift; sourceTree = "<group>"; };
		404A6F1B261EDBB5000E7703 /* AppFlow.swift */ = {isa = PBXFileReference; lastKnownFileType = sourcecode.swift; path = AppFlow.swift; sourceTree = "<group>"; };
		404A6F1E261EDD29000E7703 /* LogInFlow.swift */ = {isa = PBXFileReference; lastKnownFileType = sourcecode.swift; path = LogInFlow.swift; sourceTree = "<group>"; };
		404A6F22261EDD8B000E7703 /* ServiceProvider.swift */ = {isa = PBXFileReference; lastKnownFileType = sourcecode.swift; path = ServiceProvider.swift; sourceTree = "<group>"; };
		404A6F27261EDDF0000E7703 /* userService.swift */ = {isa = PBXFileReference; lastKnownFileType = sourcecode.swift; path = userService.swift; sourceTree = "<group>"; };
		404A6F2B261EDF4B000E7703 /* LoginVC.swift */ = {isa = PBXFileReference; lastKnownFileType = sourcecode.swift; path = LoginVC.swift; sourceTree = "<group>"; };
		404A6F2F261EDF56000E7703 /* LoginVM.swift */ = {isa = PBXFileReference; lastKnownFileType = sourcecode.swift; path = LoginVM.swift; sourceTree = "<group>"; };
		404A6F3A261EE022000E7703 /* MainVM.swift */ = {isa = PBXFileReference; lastKnownFileType = sourcecode.swift; path = MainVM.swift; sourceTree = "<group>"; };
		404A6F3E261EE0A3000E7703 /* ViewModelType.swift */ = {isa = PBXFileReference; lastKnownFileType = sourcecode.swift; path = ViewModelType.swift; sourceTree = "<group>"; };
		404A6F41261EE340000E7703 /* HomeFlow.swift */ = {isa = PBXFileReference; lastKnownFileType = sourcecode.swift; path = HomeFlow.swift; sourceTree = "<group>"; };
		404A6F46261EE679000E7703 /* AppStepper.swift */ = {isa = PBXFileReference; lastKnownFileType = sourcecode.swift; path = AppStepper.swift; sourceTree = "<group>"; };
/* End PBXFileReference section */

/* Begin PBXFrameworksBuildPhase section */
		404A6E9D261EC718000E7703 /* Frameworks */ = {
			isa = PBXFrameworksBuildPhase;
			buildActionMask = 2147483647;
			files = (
				404A6EBD261EC883000E7703 /* RxFlow in Frameworks */,
			);
			runOnlyForDeploymentPostprocessing = 0;
		};
/* End PBXFrameworksBuildPhase section */

/* Begin PBXGroup section */
		404A6E97261EC718000E7703 = {
			isa = PBXGroup;
			children = (
				404A6EA2261EC718000E7703 /* Practice_RxFlow */,
				404A6EA1261EC718000E7703 /* Products */,
			);
			sourceTree = "<group>";
		};
		404A6EA1261EC718000E7703 /* Products */ = {
			isa = PBXGroup;
			children = (
				404A6EA0261EC718000E7703 /* Practice_RxFlow.app */,
			);
			name = Products;
			sourceTree = "<group>";
		};
		404A6EA2261EC718000E7703 /* Practice_RxFlow */ = {
			isa = PBXGroup;
			children = (
				404A6F35261EDF89000E7703 /* Sources */,
				404A6F34261EDF73000E7703 /* Resources */,
				404A6F33261EDF63000E7703 /* Supporting */,
			);
			path = Practice_RxFlow;
			sourceTree = "<group>";
		};
		404A6F16261ED96C000E7703 /* Flows */ = {
			isa = PBXGroup;
			children = (
				404A6F17261ED9E0000E7703 /* SampleStep.swift */,
				404A6F1B261EDBB5000E7703 /* AppFlow.swift */,
				404A6F46261EE679000E7703 /* AppStepper.swift */,
				404A6F1E261EDD29000E7703 /* LogInFlow.swift */,
				404A6F41261EE340000E7703 /* HomeFlow.swift */,
			);
			path = Flows;
			sourceTree = "<group>";
		};
		404A6F21261EDD7C000E7703 /* Services */ = {
			isa = PBXGroup;
			children = (
				404A6F22261EDD8B000E7703 /* ServiceProvider.swift */,
				404A6F27261EDDF0000E7703 /* userService.swift */,
			);
			path = Services;
			sourceTree = "<group>";
		};
		404A6F2A261EDF29000E7703 /* Login */ = {
			isa = PBXGroup;
			children = (
				404A6F2B261EDF4B000E7703 /* LoginVC.swift */,
				404A6F2F261EDF56000E7703 /* LoginVM.swift */,
			);
			path = Login;
			sourceTree = "<group>";
		};
		404A6F32261EDF5B000E7703 /* Main */ = {
			isa = PBXGroup;
			children = (
				404A6EA7261EC718000E7703 /* MainVC.swift */,
				404A6F3A261EE022000E7703 /* MainVM.swift */,
			);
			path = Main;
			sourceTree = "<group>";
		};
		404A6F33261EDF63000E7703 /* Supporting */ = {
			isa = PBXGroup;
			children = (
				404A6EB1261EC71A000E7703 /* Info.plist */,
			);
			path = Supporting;
			sourceTree = "<group>";
		};
		404A6F34261EDF73000E7703 /* Resources */ = {
			isa = PBXGroup;
			children = (
				404A6EAC261EC71A000E7703 /* Assets.xcassets */,
				404A6EAE261EC71A000E7703 /* LaunchScreen.storyboard */,
			);
			path = Resources;
			sourceTree = "<group>";
		};
		404A6F35261EDF89000E7703 /* Sources */ = {
			isa = PBXGroup;
			children = (
				404A6F3D261EE095000E7703 /* Common */,
				404A6F36261EDF91000E7703 /* Application */,
				404A6F16261ED96C000E7703 /* Flows */,
				404A6F21261EDD7C000E7703 /* Services */,
				404A6F38261EDFE6000E7703 /* Scenes */,
			);
			path = Sources;
			sourceTree = "<group>";
		};
		404A6F36261EDF91000E7703 /* Application */ = {
			isa = PBXGroup;
			children = (
				404A6EA3261EC718000E7703 /* AppDelegate.swift */,
				404A6EA5261EC718000E7703 /* SceneDelegate.swift */,
			);
			path = Application;
			sourceTree = "<group>";
		};
		404A6F38261EDFE6000E7703 /* Scenes */ = {
			isa = PBXGroup;
			children = (
				404A6F2A261EDF29000E7703 /* Login */,
				404A6F32261EDF5B000E7703 /* Main */,
			);
			path = Scenes;
			sourceTree = "<group>";
		};
		404A6F3D261EE095000E7703 /* Common */ = {
			isa = PBXGroup;
			children = (
				404A6F3E261EE0A3000E7703 /* ViewModelType.swift */,
				40394B11262002FC0059DFB4 /* ActivityIndicator.swift */,
			);
			path = Common;
			sourceTree = "<group>";
		};
/* End PBXGroup section */

/* Begin PBXNativeTarget section */
		404A6E9F261EC718000E7703 /* Practice_RxFlow */ = {
			isa = PBXNativeTarget;
			buildConfigurationList = 404A6EB4261EC71A000E7703 /* Build configuration list for PBXNativeTarget "Practice_RxFlow" */;
			buildPhases = (
				404A6E9C261EC718000E7703 /* Sources */,
				404A6E9D261EC718000E7703 /* Frameworks */,
				404A6E9E261EC718000E7703 /* Resources */,
			);
			buildRules = (
			);
			dependencies = (
			);
			name = Practice_RxFlow;
			packageProductDependencies = (
				404A6EBC261EC883000E7703 /* RxFlow */,
			);
			productName = Practice_RxFlow;
			productReference = 404A6EA0261EC718000E7703 /* Practice_RxFlow.app */;
			productType = "com.apple.product-type.application";
		};
/* End PBXNativeTarget section */

/* Begin PBXProject section */
		404A6E98261EC718000E7703 /* Project object */ = {
			isa = PBXProject;
			attributes = {
				LastSwiftUpdateCheck = 1240;
				LastUpgradeCheck = 1240;
				TargetAttributes = {
					404A6E9F261EC718000E7703 = {
						CreatedOnToolsVersion = 12.4;
					};
				};
			};
			buildConfigurationList = 404A6E9B261EC718000E7703 /* Build configuration list for PBXProject "Practice_RxFlow" */;
			compatibilityVersion = "Xcode 9.3";
			developmentRegion = en;
			hasScannedForEncodings = 0;
			knownRegions = (
				en,
				Base,
			);
			mainGroup = 404A6E97261EC718000E7703;
			packageReferences = (
				404A6EBB261EC883000E7703 /* XCRemoteSwiftPackageReference "RxFlow" */,
			);
			productRefGroup = 404A6EA1261EC718000E7703 /* Products */;
			projectDirPath = "";
			projectRoot = "";
			targets = (
				404A6E9F261EC718000E7703 /* Practice_RxFlow */,
			);
		};
/* End PBXProject section */

/* Begin PBXResourcesBuildPhase section */
		404A6E9E261EC718000E7703 /* Resources */ = {
			isa = PBXResourcesBuildPhase;
			buildActionMask = 2147483647;
			files = (
				404A6EB0261EC71A000E7703 /* LaunchScreen.storyboard in Resources */,
				404A6EAD261EC71A000E7703 /* Assets.xcassets in Resources */,
			);
			runOnlyForDeploymentPostprocessing = 0;
		};
/* End PBXResourcesBuildPhase section */

/* Begin PBXSourcesBuildPhase section */
		404A6E9C261EC718000E7703 /* Sources */ = {
			isa = PBXSourcesBuildPhase;
			buildActionMask = 2147483647;
			files = (
				404A6EA8261EC718000E7703 /* MainVC.swift in Sources */,
				40394B12262002FC0059DFB4 /* ActivityIndicator.swift in Sources */,
				404A6F18261ED9E0000E7703 /* SampleStep.swift in Sources */,
				404A6F23261EDD8B000E7703 /* ServiceProvider.swift in Sources */,
				404A6EA4261EC718000E7703 /* AppDelegate.swift in Sources */,
				404A6F30261EDF56000E7703 /* LoginVM.swift in Sources */,
				404A6F28261EDDF0000E7703 /* userService.swift in Sources */,
				404A6F2C261EDF4B000E7703 /* LoginVC.swift in Sources */,
				404A6F3B261EE022000E7703 /* MainVM.swift in Sources */,
				404A6F3F261EE0A3000E7703 /* ViewModelType.swift in Sources */,
				404A6F1C261EDBB5000E7703 /* AppFlow.swift in Sources */,
				404A6F42261EE340000E7703 /* HomeFlow.swift in Sources */,
				404A6F47261EE679000E7703 /* AppStepper.swift in Sources */,
				404A6EA6261EC718000E7703 /* SceneDelegate.swift in Sources */,
				404A6F1F261EDD29000E7703 /* LogInFlow.swift in Sources */,
			);
			runOnlyForDeploymentPostprocessing = 0;
		};
/* End PBXSourcesBuildPhase section */

/* Begin PBXVariantGroup section */
		404A6EAE261EC71A000E7703 /* LaunchScreen.storyboard */ = {
			isa = PBXVariantGroup;
			children = (
				404A6EAF261EC71A000E7703 /* Base */,
			);
			name = LaunchScreen.storyboard;
			sourceTree = "<group>";
		};
/* End PBXVariantGroup section */

/* Begin XCBuildConfiguration section */
		404A6EB2261EC71A000E7703 /* Debug */ = {
			isa = XCBuildConfiguration;
			buildSettings = {
				ALWAYS_SEARCH_USER_PATHS = NO;
				CLANG_ANALYZER_NONNULL = YES;
				CLANG_ANALYZER_NUMBER_OBJECT_CONVERSION = YES_AGGRESSIVE;
				CLANG_CXX_LANGUAGE_STANDARD = "gnu++14";
				CLANG_CXX_LIBRARY = "libc++";
				CLANG_ENABLE_MODULES = YES;
				CLANG_ENABLE_OBJC_ARC = YES;
				CLANG_ENABLE_OBJC_WEAK = YES;
				CLANG_WARN_BLOCK_CAPTURE_AUTORELEASING = YES;
				CLANG_WARN_BOOL_CONVERSION = YES;
				CLANG_WARN_COMMA = YES;
				CLANG_WARN_CONSTANT_CONVERSION = YES;
				CLANG_WARN_DEPRECATED_OBJC_IMPLEMENTATIONS = YES;
				CLANG_WARN_DIRECT_OBJC_ISA_USAGE = YES_ERROR;
				CLANG_WARN_DOCUMENTATION_COMMENTS = YES;
				CLANG_WARN_EMPTY_BODY = YES;
				CLANG_WARN_ENUM_CONVERSION = YES;
				CLANG_WARN_INFINITE_RECURSION = YES;
				CLANG_WARN_INT_CONVERSION = YES;
				CLANG_WARN_NON_LITERAL_NULL_CONVERSION = YES;
				CLANG_WARN_OBJC_IMPLICIT_RETAIN_SELF = YES;
				CLANG_WARN_OBJC_LITERAL_CONVERSION = YES;
				CLANG_WARN_OBJC_ROOT_CLASS = YES_ERROR;
				CLANG_WARN_QUOTED_INCLUDE_IN_FRAMEWORK_HEADER = YES;
				CLANG_WARN_RANGE_LOOP_ANALYSIS = YES;
				CLANG_WARN_STRICT_PROTOTYPES = YES;
				CLANG_WARN_SUSPICIOUS_MOVE = YES;
				CLANG_WARN_UNGUARDED_AVAILABILITY = YES_AGGRESSIVE;
				CLANG_WARN_UNREACHABLE_CODE = YES;
				CLANG_WARN__DUPLICATE_METHOD_MATCH = YES;
				COPY_PHASE_STRIP = NO;
				DEBUG_INFORMATION_FORMAT = dwarf;
				ENABLE_STRICT_OBJC_MSGSEND = YES;
				ENABLE_TESTABILITY = YES;
				GCC_C_LANGUAGE_STANDARD = gnu11;
				GCC_DYNAMIC_NO_PIC = NO;
				GCC_NO_COMMON_BLOCKS = YES;
				GCC_OPTIMIZATION_LEVEL = 0;
				GCC_PREPROCESSOR_DEFINITIONS = (
					"DEBUG=1",
					"$(inherited)",
				);
				GCC_WARN_64_TO_32_BIT_CONVERSION = YES;
				GCC_WARN_ABOUT_RETURN_TYPE = YES_ERROR;
				GCC_WARN_UNDECLARED_SELECTOR = YES;
				GCC_WARN_UNINITIALIZED_AUTOS = YES_AGGRESSIVE;
				GCC_WARN_UNUSED_FUNCTION = YES;
				GCC_WARN_UNUSED_VARIABLE = YES;
				IPHONEOS_DEPLOYMENT_TARGET = 14.4;
				MTL_ENABLE_DEBUG_INFO = INCLUDE_SOURCE;
				MTL_FAST_MATH = YES;
				ONLY_ACTIVE_ARCH = YES;
				SDKROOT = iphoneos;
				SWIFT_ACTIVE_COMPILATION_CONDITIONS = DEBUG;
				SWIFT_OPTIMIZATION_LEVEL = "-Onone";
			};
			name = Debug;
		};
		404A6EB3261EC71A000E7703 /* Release */ = {
			isa = XCBuildConfiguration;
			buildSettings = {
				ALWAYS_SEARCH_USER_PATHS = NO;
				CLANG_ANALYZER_NONNULL = YES;
				CLANG_ANALYZER_NUMBER_OBJECT_CONVERSION = YES_AGGRESSIVE;
				CLANG_CXX_LANGUAGE_STANDARD = "gnu++14";
				CLANG_CXX_LIBRARY = "libc++";
				CLANG_ENABLE_MODULES = YES;
				CLANG_ENABLE_OBJC_ARC = YES;
				CLANG_ENABLE_OBJC_WEAK = YES;
				CLANG_WARN_BLOCK_CAPTURE_AUTORELEASING = YES;
				CLANG_WARN_BOOL_CONVERSION = YES;
				CLANG_WARN_COMMA = YES;
				CLANG_WARN_CONSTANT_CONVERSION = YES;
				CLANG_WARN_DEPRECATED_OBJC_IMPLEMENTATIONS = YES;
				CLANG_WARN_DIRECT_OBJC_ISA_USAGE = YES_ERROR;
				CLANG_WARN_DOCUMENTATION_COMMENTS = YES;
				CLANG_WARN_EMPTY_BODY = YES;
				CLANG_WARN_ENUM_CONVERSION = YES;
				CLANG_WARN_INFINITE_RECURSION = YES;
				CLANG_WARN_INT_CONVERSION = YES;
				CLANG_WARN_NON_LITERAL_NULL_CONVERSION = YES;
				CLANG_WARN_OBJC_IMPLICIT_RETAIN_SELF = YES;
				CLANG_WARN_OBJC_LITERAL_CONVERSION = YES;
				CLANG_WARN_OBJC_ROOT_CLASS = YES_ERROR;
				CLANG_WARN_QUOTED_INCLUDE_IN_FRAMEWORK_HEADER = YES;
				CLANG_WARN_RANGE_LOOP_ANALYSIS = YES;
				CLANG_WARN_STRICT_PROTOTYPES = YES;
				CLANG_WARN_SUSPICIOUS_MOVE = YES;
				CLANG_WARN_UNGUARDED_AVAILABILITY = YES_AGGRESSIVE;
				CLANG_WARN_UNREACHABLE_CODE = YES;
				CLANG_WARN__DUPLICATE_METHOD_MATCH = YES;
				COPY_PHASE_STRIP = NO;
				DEBUG_INFORMATION_FORMAT = "dwarf-with-dsym";
				ENABLE_NS_ASSERTIONS = NO;
				ENABLE_STRICT_OBJC_MSGSEND = YES;
				GCC_C_LANGUAGE_STANDARD = gnu11;
				GCC_NO_COMMON_BLOCKS = YES;
				GCC_WARN_64_TO_32_BIT_CONVERSION = YES;
				GCC_WARN_ABOUT_RETURN_TYPE = YES_ERROR;
				GCC_WARN_UNDECLARED_SELECTOR = YES;
				GCC_WARN_UNINITIALIZED_AUTOS = YES_AGGRESSIVE;
				GCC_WARN_UNUSED_FUNCTION = YES;
				GCC_WARN_UNUSED_VARIABLE = YES;
				IPHONEOS_DEPLOYMENT_TARGET = 14.4;
				MTL_ENABLE_DEBUG_INFO = NO;
				MTL_FAST_MATH = YES;
				SDKROOT = iphoneos;
				SWIFT_COMPILATION_MODE = wholemodule;
				SWIFT_OPTIMIZATION_LEVEL = "-O";
				VALIDATE_PRODUCT = YES;
			};
			name = Release;
		};
		404A6EB5261EC71A000E7703 /* Debug */ = {
			isa = XCBuildConfiguration;
			buildSettings = {
				ASSETCATALOG_COMPILER_APPICON_NAME = AppIcon;
				ASSETCATALOG_COMPILER_GLOBAL_ACCENT_COLOR_NAME = AccentColor;
				CODE_SIGN_STYLE = Automatic;
				DEVELOPMENT_TEAM = P25P5JJVFC;
				INFOPLIST_FILE = Practice_RxFlow/Supporting/Info.plist;
				LD_RUNPATH_SEARCH_PATHS = (
					"$(inherited)",
					"@executable_path/Frameworks",
				);
				PRODUCT_BUNDLE_IDENTIFIER = "com.havi.Practice-RxFlow";
				PRODUCT_NAME = "$(TARGET_NAME)";
				SWIFT_VERSION = 5.0;
				TARGETED_DEVICE_FAMILY = "1,2";
			};
			name = Debug;
		};
		404A6EB6261EC71A000E7703 /* Release */ = {
			isa = XCBuildConfiguration;
			buildSettings = {
				ASSETCATALOG_COMPILER_APPICON_NAME = AppIcon;
				ASSETCATALOG_COMPILER_GLOBAL_ACCENT_COLOR_NAME = AccentColor;
				CODE_SIGN_STYLE = Automatic;
				DEVELOPMENT_TEAM = P25P5JJVFC;
				INFOPLIST_FILE = Practice_RxFlow/Supporting/Info.plist;
				LD_RUNPATH_SEARCH_PATHS = (
					"$(inherited)",
					"@executable_path/Frameworks",
				);
				PRODUCT_BUNDLE_IDENTIFIER = "com.havi.Practice-RxFlow";
				PRODUCT_NAME = "$(TARGET_NAME)";
				SWIFT_VERSION = 5.0;
				TARGETED_DEVICE_FAMILY = "1,2";
			};
			name = Release;
		};
/* End XCBuildConfiguration section */

/* Begin XCConfigurationList section */
		404A6E9B261EC718000E7703 /* Build configuration list for PBXProject "Practice_RxFlow" */ = {
			isa = XCConfigurationList;
			buildConfigurations = (
				404A6EB2261EC71A000E7703 /* Debug */,
				404A6EB3261EC71A000E7703 /* Release */,
			);
			defaultConfigurationIsVisible = 0;
			defaultConfigurationName = Release;
		};
		404A6EB4261EC71A000E7703 /* Build configuration list for PBXNativeTarget "Practice_RxFlow" */ = {
			isa = XCConfigurationList;
			buildConfigurations = (
				404A6EB5261EC71A000E7703 /* Debug */,
				404A6EB6261EC71A000E7703 /* Release */,
			);
			defaultConfigurationIsVisible = 0;
			defaultConfigurationName = Release;
		};
/* End XCConfigurationList section */

/* Begin XCRemoteSwiftPackageReference section */
		404A6EBB261EC883000E7703 /* XCRemoteSwiftPackageReference "RxFlow" */ = {
			isa = XCRemoteSwiftPackageReference;
			repositoryURL = "https://github.com/RxSwiftCommunity/RxFlow";
			requirement = {
				kind = upToNextMajorVersion;
				minimumVersion = 2.12.0;
			};
		};
/* End XCRemoteSwiftPackageReference section */

/* Begin XCSwiftPackageProductDependency section */
		404A6EBC261EC883000E7703 /* RxFlow */ = {
			isa = XCSwiftPackageProductDependency;
			package = 404A6EBB261EC883000E7703 /* XCRemoteSwiftPackageReference "RxFlow" */;
			productName = RxFlow;
		};
/* End XCSwiftPackageProductDependency section */
	};
	rootObject = 404A6E98261EC718000E7703 /* Project object */;
}
